
Microsoft Visual Studio Solution File, Format Version 12.00
# Visual Studio Version 16
VisualStudioVersion = 16.0.29905.134
MinimumVisualStudioVersion = 10.0.40219.1
Project("{9A19103F-16F7-4668-BE54-9A1E7A4F7556}") = "XlsxToJson", "XlsxToJson\XlsxToJson.csproj", "{E4DF54FD-E82E-4907-BA74-547408BDEFB3}"
EndProject
Project("{9A19103F-16F7-4668-BE54-9A1E7A4F7556}") = "UfxSdk4Net", "UfxSdk4Net\UfxSdk4Net.csproj", "{B8639363-C2A5-4BD4-81F9-7D6B2EC92522}"
EndProject
Global
	GlobalSection(SolutionConfigurationPlatforms) = preSolution
		Debug|Any CPU = Debug|Any CPU
		Release|Any CPU = Release|Any CPU
	EndGlobalSection
	GlobalSection(ProjectConfigurationPlatforms) = postSolution
		{E4DF54FD-E82E-4907-BA74-547408BDEFB3}.Debug|Any CPU.ActiveCfg = Debug|Any CPU
		{E4DF54FD-E82E-4907-BA74-547408BDEFB3}.Debug|Any CPU.Build.0 = Debug|Any CPU
		{E4DF54FD-E82E-4907-BA74-547408BDEFB3}.Release|Any CPU.ActiveCfg = Release|Any CPU
		{E4DF54FD-E82E-4907-BA74-547408BDEFB3}.Release|Any CPU.Build.0 = Release|Any CPU
		{B8639363-C2A5-4BD4-81F9-7D6B2EC92522}.Debug|Any CPU.ActiveCfg = Debug|Any CPU
		{B8639363-C2A5-4BD4-81F9-7D6B2EC92522}.Debug|Any CPU.Build.0 = Debug|Any CPU
		{B8639363-C2A5-4BD4-81F9-7D6B2EC92522}.Release|Any CPU.ActiveCfg = Release|Any CPU
		{B8639363-C2A5-4BD4-81F9-7D6B2EC92522}.Release|Any CPU.Build.0 = Release|Any CPU
	EndGlobalSection
	GlobalSection(SolutionProperties) = preSolution
		HideSolutionNode = FALSE
	EndGlobalSection
	GlobalSection(ExtensibilityGlobals) = postSolution
		SolutionGuid = {D9BEC977-0ED8-4797-B739-4BCA742ABBE4}
	EndGlobalSection
EndGlobal
